{
  "requires": true,
  "lockfileVersion": 1,
  "dependencies": {
    "html-screen-capture-js": {
      "version": "1.0.29",
      "resolved": "https://registry.npmjs.org/html-screen-capture-js/-/html-screen-capture-js-1.0.29.tgz",
      "integrity": "sha512-Va7b59FOTTMpOaFh6pxNgUmqZayqqcr+meXhyAWS6x4DZGPVuMGEa8eBVpvicnUlZg1CaBfrKPUOSYhVzlKL5Q=="
    }
  }
}
